// !$*UTF8*$!
{
	archiveVersion = 1;
	classes = {
	};
	objectVersion = 50;
	objects = {

/* Begin PBXBuildFile section */
		59198A4F268AB1A9007C7D04 /* CategoryHome.swift in Sources */ = {isa = PBXBuildFile; fileRef = 59198A4E268AB1A9007C7D04 /* CategoryHome.swift */; };
		59198A51268AB335007C7D04 /* CategoryRow.swift in Sources */ = {isa = PBXBuildFile; fileRef = 59198A50268AB335007C7D04 /* CategoryRow.swift */; };
		59198A53268AB575007C7D04 /* CategoryItem.swift in Sources */ = {isa = PBXBuildFile; fileRef = 59198A52268AB575007C7D04 /* CategoryItem.swift */; };
		59337AF12689907D0015B316 /* LandmarksApp.swift in Sources */ = {isa = PBXBuildFile; fileRef = 59337AF02689907D0015B316 /* LandmarksApp.swift */; };
		59337AF32689907D0015B316 /* ContentView.swift in Sources */ = {isa = PBXBuildFile; fileRef = 59337AF22689907D0015B316 /* ContentView.swift */; };
		59337AF52689907D0015B316 /* Assets.xcassets in Resources */ = {isa = PBXBuildFile; fileRef = 59337AF42689907D0015B316 /* Assets.xcassets */; };
		59337AF82689907D0015B316 /* Preview Assets.xcassets in Resources */ = {isa = PBXBuildFile; fileRef = 59337AF72689907D0015B316 /* Preview Assets.xcassets */; };
		59337B00268993620015B316 /* CircleImage.swift in Sources */ = {isa = PBXBuildFile; fileRef = 59337AFF268993620015B316 /* CircleImage.swift */; };
		59337B02268993DF0015B316 /* MapView.swift in Sources */ = {isa = PBXBuildFile; fileRef = 59337B01268993DF0015B316 /* MapView.swift */; };
		59337B04268997230015B316 /* landmarkData.json in Resources */ = {isa = PBXBuildFile; fileRef = 59337B03268997230015B316 /* landmarkData.json */; };
		59337B08268997460015B316 /* Landmark.swift in Sources */ = {isa = PBXBuildFile; fileRef = 59337B07268997460015B316 /* Landmark.swift */; };
		59337B0A2689982F0015B316 /* ModelData.swift in Sources */ = {isa = PBXBuildFile; fileRef = 59337B092689982F0015B316 /* ModelData.swift */; };
		59337B0F26899A2F0015B316 /* LandmarkRow.swift in Sources */ = {isa = PBXBuildFile; fileRef = 59337B0E26899A2F0015B316 /* LandmarkRow.swift */; };
		59337B1126899B2A0015B316 /* LandmarkList.swift in Sources */ = {isa = PBXBuildFile; fileRef = 59337B1026899B2A0015B316 /* LandmarkList.swift */; };
		59337B1326899BF50015B316 /* LandmarkDetail.swift in Sources */ = {isa = PBXBuildFile; fileRef = 59337B1226899BF50015B316 /* LandmarkDetail.swift */; };
		593B25A0268A408F00D9B482 /* FavoriteButton.swift in Sources */ = {isa = PBXBuildFile; fileRef = 593B259F268A408F00D9B482 /* FavoriteButton.swift */; };
		593B25A4268A43DE00D9B482 /* HexagonParameters.swift in Sources */ = {isa = PBXBuildFile; fileRef = 593B25A3268A43DE00D9B482 /* HexagonParameters.swift */; };
		593B25A6268A447F00D9B482 /* BadgeBackground.swift in Sources */ = {isa = PBXBuildFile; fileRef = 593B25A5268A447F00D9B482 /* BadgeBackground.swift */; };
		593B25A8268A9EE000D9B482 /* BadgeSymbol.swift in Sources */ = {isa = PBXBuildFile; fileRef = 593B25A7268A9EE000D9B482 /* BadgeSymbol.swift */; };
		593B25AA268AA27600D9B482 /* RotatedBadgeSymbol.swift in Sources */ = {isa = PBXBuildFile; fileRef = 593B25A9268AA27600D9B482 /* RotatedBadgeSymbol.swift */; };
		593B25AC268AA2B900D9B482 /* Badge.swift in Sources */ = {isa = PBXBuildFile; fileRef = 593B25AB268AA2B900D9B482 /* Badge.swift */; };
		593B25AF268AA7DA00D9B482 /* hikeData.json in Resources */ = {isa = PBXBuildFile; fileRef = 593B25AE268AA7DA00D9B482 /* hikeData.json */; };
		593B25B1268AA7ED00D9B482 /* Hike.swift in Sources */ = {isa = PBXBuildFile; fileRef = 593B25B0268AA7ED00D9B482 /* Hike.swift */; };
		593B25B7268AA8DC00D9B482 /* GraphCapsule.swift in Sources */ = {isa = PBXBuildFile; fileRef = 593B25B3268AA8DC00D9B482 /* GraphCapsule.swift */; };
		593B25B8268AA8DC00D9B482 /* HikeGraph.swift in Sources */ = {isa = PBXBuildFile; fileRef = 593B25B4268AA8DC00D9B482 /* HikeGraph.swift */; };
		593B25B9268AA8DC00D9B482 /* HikeDetail.swift in Sources */ = {isa = PBXBuildFile; fileRef = 593B25B5268AA8DC00D9B482 /* HikeDetail.swift */; };
		593B25BA268AA8DC00D9B482 /* HikeView.swift in Sources */ = {isa = PBXBuildFile; fileRef = 593B25B6268AA8DC00D9B482 /* HikeView.swift */; };
/* End PBXBuildFile section */

/* Begin PBXFileReference section */
		59198A4E268AB1A9007C7D04 /* CategoryHome.swift */ = {isa = PBXFileReference; lastKnownFileType = sourcecode.swift; path = CategoryHome.swift; sourceTree = "<group>"; };
		59198A50268AB335007C7D04 /* CategoryRow.swift */ = {isa = PBXFileReference; lastKnownFileType = sourcecode.swift; path = CategoryRow.swift; sourceTree = "<group>"; };
		59198A52268AB575007C7D04 /* CategoryItem.swift */ = {isa = PBXFileReference; lastKnownFileType = sourcecode.swift; path = CategoryItem.swift; sourceTree = "<group>"; };
		59337AED2689907D0015B316 /* Landmarks.app */ = {isa = PBXFileReference; explicitFileType = wrapper.application; includeInIndex = 0; path = Landmarks.app; sourceTree = BUILT_PRODUCTS_DIR; };
		59337AF02689907D0015B316 /* LandmarksApp.swift */ = {isa = PBXFileReference; lastKnownFileType = sourcecode.swift; path = LandmarksApp.swift; sourceTree = "<group>"; };
		59337AF22689907D0015B316 /* ContentView.swift */ = {isa = PBXFileReference; lastKnownFileType = sourcecode.swift; path = ContentView.swift; sourceTree = "<group>"; };
		59337AF42689907D0015B316 /* Assets.xcassets */ = {isa = PBXFileReference; lastKnownFileType = folder.assetcatalog; path = Assets.xcassets; sourceTree = "<group>"; };
		59337AF72689907D0015B316 /* Preview Assets.xcassets */ = {isa = PBXFileReference; lastKnownFileType = folder.assetcatalog; path = "Preview Assets.xcassets"; sourceTree = "<group>"; };
		59337AF92689907D0015B316 /* Info.plist */ = {isa = PBXFileReference; lastKnownFileType = text.plist.xml; path = Info.plist; sourceTree = "<group>"; };
		59337AFF268993620015B316 /* CircleImage.swift */ = {isa = PBXFileReference; lastKnownFileType = sourcecode.swift; path = CircleImage.swift; sourceTree = "<group>"; };
		59337B01268993DF0015B316 /* MapView.swift */ = {isa = PBXFileReference; lastKnownFileType = sourcecode.swift; path = MapView.swift; sourceTree = "<group>"; };
		59337B03268997230015B316 /* landmarkData.json */ = {isa = PBXFileReference; fileEncoding = 4; lastKnownFileType = text.json; path = landmarkData.json; sourceTree = "<group>"; };
		59337B07268997460015B316 /* Landmark.swift */ = {isa = PBXFileReference; lastKnownFileType = sourcecode.swift; path = Landmark.swift; sourceTree = "<group>"; };
		59337B092689982F0015B316 /* ModelData.swift */ = {isa = PBXFileReference; lastKnownFileType = sourcecode.swift; path = ModelData.swift; sourceTree = "<group>"; };
		59337B0E26899A2F0015B316 /* LandmarkRow.swift */ = {isa = PBXFileReference; lastKnownFileType = sourcecode.swift; path = LandmarkRow.swift; sourceTree = "<group>"; };
		59337B1026899B2A0015B316 /* LandmarkList.swift */ = {isa = PBXFileReference; lastKnownFileType = sourcecode.swift; path = LandmarkList.swift; sourceTree = "<group>"; };
		59337B1226899BF50015B316 /* LandmarkDetail.swift */ = {isa = PBXFileReference; lastKnownFileType = sourcecode.swift; path = LandmarkDetail.swift; sourceTree = "<group>"; };
		593B259F268A408F00D9B482 /* FavoriteButton.swift */ = {isa = PBXFileReference; lastKnownFileType = sourcecode.swift; path = FavoriteButton.swift; sourceTree = "<group>"; };
		593B25A3268A43DE00D9B482 /* HexagonParameters.swift */ = {isa = PBXFileReference; lastKnownFileType = sourcecode.swift; path = HexagonParameters.swift; sourceTree = "<group>"; };
		593B25A5268A447F00D9B482 /* BadgeBackground.swift */ = {isa = PBXFileReference; lastKnownFileType = sourcecode.swift; path = BadgeBackground.swift; sourceTree = "<group>"; };
		593B25A7268A9EE000D9B482 /* BadgeSymbol.swift */ = {isa = PBXFileReference; lastKnownFileType = sourcecode.swift; path = BadgeSymbol.swift; sourceTree = "<group>"; };
		593B25A9268AA27600D9B482 /* RotatedBadgeSymbol.swift */ = {isa = PBXFileReference; lastKnownFileType = sourcecode.swift; path = RotatedBadgeSymbol.swift; sourceTree = "<group>"; };
		593B25AB268AA2B900D9B482 /* Badge.swift */ = {isa = PBXFileReference; lastKnownFileType = sourcecode.swift; path = Badge.swift; sourceTree = "<group>"; };
		593B25AE268AA7DA00D9B482 /* hikeData.json */ = {isa = PBXFileReference; fileEncoding = 4; lastKnownFileType = text.json; path = hikeData.json; sourceTree = "<group>"; };
		593B25B0268AA7ED00D9B482 /* Hike.swift */ = {isa = PBXFileReference; lastKnownFileType = sourcecode.swift; path = Hike.swift; sourceTree = "<group>"; };
		593B25B3268AA8DC00D9B482 /* GraphCapsule.swift */ = {isa = PBXFileReference; fileEncoding = 4; lastKnownFileType = sourcecode.swift; path = GraphCapsule.swift; sourceTree = "<group>"; };
		593B25B4268AA8DC00D9B482 /* HikeGraph.swift */ = {isa = PBXFileReference; fileEncoding = 4; lastKnownFileType = sourcecode.swift; path = HikeGraph.swift; sourceTree = "<group>"; };
		593B25B5268AA8DC00D9B482 /* HikeDetail.swift */ = {isa = PBXFileReference; fileEncoding = 4; lastKnownFileType = sourcecode.swift; path = HikeDetail.swift; sourceTree = "<group>"; };
		593B25B6268AA8DC00D9B482 /* HikeView.swift */ = {isa = PBXFileReference; fileEncoding = 4; lastKnownFileType = sourcecode.swift; path = HikeView.swift; sourceTree = "<group>"; };
/* End PBXFileReference section */

/* Begin PBXFrameworksBuildPhase section */
		59337AEA2689907C0015B316 /* Frameworks */ = {
			isa = PBXFrameworksBuildPhase;
			buildActionMask = 2147483647;
			files = (
			);
			runOnlyForDeploymentPostprocessing = 0;
		};
/* End PBXFrameworksBuildPhase section */

/* Begin PBXGroup section */
		59198A4D268AB18F007C7D04 /* Categories */ = {
			isa = PBXGroup;
			children = (
				59198A4E268AB1A9007C7D04 /* CategoryHome.swift */,
				59198A50268AB335007C7D04 /* CategoryRow.swift */,
				59198A52268AB575007C7D04 /* CategoryItem.swift */,
			);
			path = Categories;
			sourceTree = "<group>";
		};
		59337AE42689907C0015B316 = {
			isa = PBXGroup;
			children = (
				59337AEF2689907D0015B316 /* Landmarks */,
				59337AEE2689907D0015B316 /* Products */,
			);
			sourceTree = "<group>";
		};
		59337AEE2689907D0015B316 /* Products */ = {
			isa = PBXGroup;
			children = (
				59337AED2689907D0015B316 /* Landmarks.app */,
			);
			name = Products;
			sourceTree = "<group>";
		};
		59337AEF2689907D0015B316 /* Landmarks */ = {
			isa = PBXGroup;
			children = (
				59337AF02689907D0015B316 /* LandmarksApp.swift */,
				59337B0B268999480015B316 /* Views */,
				59337B0C268999520015B316 /* Model */,
				59337B0D2689995B0015B316 /* Resources */,
				59337AF42689907D0015B316 /* Assets.xcassets */,
				59337AF92689907D0015B316 /* Info.plist */,
				59337AF62689907D0015B316 /* Preview Content */,
				59337AF72689907D0015B316 /* Preview Assets.xcassets */,
			);
			path = Landmarks;
			sourceTree = "<group>";
		};
		59337AF62689907D0015B316 /* Preview Content */ = {
			isa = PBXGroup;
			children = (
			);
			path = "Preview Content";
			sourceTree = "<group>";
		};
		59337B0B268999480015B316 /* Views */ = {
			isa = PBXGroup;
			children = (
				59337AF22689907D0015B316 /* ContentView.swift */,
				593B25A2268A411700D9B482 /* Landmarks */,
				59198A4D268AB18F007C7D04 /* Categories */,
				593B25B2268AA8DC00D9B482 /* Hikes */,
				593B25A1268A410C00D9B482 /* Helpers */,
			);
			path = Views;
			sourceTree = "<group>";
		};
		59337B0C268999520015B316 /* Model */ = {
			isa = PBXGroup;
			children = (
				59337B07268997460015B316 /* Landmark.swift */,
				59337B092689982F0015B316 /* ModelData.swift */,
				593B25B0268AA7ED00D9B482 /* Hike.swift */,
			);
			path = Model;
			sourceTree = "<group>";
		};
		59337B0D2689995B0015B316 /* Resources */ = {
			isa = PBXGroup;
			children = (
				59337B03268997230015B316 /* landmarkData.json */,
				593B25AE268AA7DA00D9B482 /* hikeData.json */,
			);
			path = Resources;
			sourceTree = "<group>";
		};
		593B25A1268A410C00D9B482 /* Helpers */ = {
			isa = PBXGroup;
			children = (
				59337AFF268993620015B316 /* CircleImage.swift */,
				59337B01268993DF0015B316 /* MapView.swift */,
				593B259F268A408F00D9B482 /* FavoriteButton.swift */,
			);
			path = Helpers;
			sourceTree = "<group>";
		};
		593B25A2268A411700D9B482 /* Landmarks */ = {
			isa = PBXGroup;
			children = (
				59337B0E26899A2F0015B316 /* LandmarkRow.swift */,
				59337B1026899B2A0015B316 /* LandmarkList.swift */,
				59337B1226899BF50015B316 /* LandmarkDetail.swift */,
				593B25AD268AA3F100D9B482 /* Badges */,
			);
			path = Landmarks;
			sourceTree = "<group>";
		};
		593B25AD268AA3F100D9B482 /* Badges */ = {
			isa = PBXGroup;
			children = (
				593B25A3268A43DE00D9B482 /* HexagonParameters.swift */,
				593B25A5268A447F00D9B482 /* BadgeBackground.swift */,
				593B25A7268A9EE000D9B482 /* BadgeSymbol.swift */,
				593B25A9268AA27600D9B482 /* RotatedBadgeSymbol.swift */,
				593B25AB268AA2B900D9B482 /* Badge.swift */,
			);
			path = Badges;
			sourceTree = "<group>";
		};
		593B25B2268AA8DC00D9B482 /* Hikes */ = {
			isa = PBXGroup;
			children = (
				593B25B3268AA8DC00D9B482 /* GraphCapsule.swift */,
				593B25B4268AA8DC00D9B482 /* HikeGraph.swift */,
				593B25B5268AA8DC00D9B482 /* HikeDetail.swift */,
				593B25B6268AA8DC00D9B482 /* HikeView.swift */,
			);
			path = Hikes;
			sourceTree = "<group>";
		};
/* End PBXGroup section */

/* Begin PBXNativeTarget section */
		59337AEC2689907C0015B316 /* Landmarks */ = {
			isa = PBXNativeTarget;
			buildConfigurationList = 59337AFC2689907D0015B316 /* Build configuration list for PBXNativeTarget "Landmarks" */;
			buildPhases = (
				59337AE92689907C0015B316 /* Sources */,
				59337AEA2689907C0015B316 /* Frameworks */,
				59337AEB2689907C0015B316 /* Resources */,
			);
			buildRules = (
			);
			dependencies = (
			);
			name = Landmarks;
			productName = Landmarks;
			productReference = 59337AED2689907D0015B316 /* Landmarks.app */;
			productType = "com.apple.product-type.application";
		};
/* End PBXNativeTarget section */

/* Begin PBXProject section */
		59337AE52689907C0015B316 /* Project object */ = {
			isa = PBXProject;
			attributes = {
				LastSwiftUpdateCheck = 1250;
				LastUpgradeCheck = 1250;
				TargetAttributes = {
					59337AEC2689907C0015B316 = {
						CreatedOnToolsVersion = 12.5.1;
					};
				};
			};
			buildConfigurationList = 59337AE82689907C0015B316 /* Build configuration list for PBXProject "Landmarks" */;
			compatibilityVersion = "Xcode 9.3";
			developmentRegion = en;
			hasScannedForEncodings = 0;
			knownRegions = (
				en,
				Base,
			);
			mainGroup = 59337AE42689907C0015B316;
			productRefGroup = 59337AEE2689907D0015B316 /* Products */;
			projectDirPath = "";
			projectRoot = "";
			targets = (
				59337AEC2689907C0015B316 /* Landmarks */,
			);
		};
/* End PBXProject section */

/* Begin PBXResourcesBuildPhase section */
		59337AEB2689907C0015B316 /* Resources */ = {
			isa = PBXResourcesBuildPhase;
			buildActionMask = 2147483647;
			files = (
				593B25AF268AA7DA00D9B482 /* hikeData.json in Resources */,
				59337AF82689907D0015B316 /* Preview Assets.xcassets in Resources */,
				59337AF52689907D0015B316 /* Assets.xcassets in Resources */,
				59337B04268997230015B316 /* landmarkData.json in Resources */,
			);
			runOnlyForDeploymentPostprocessing = 0;
		};
/* End PBXResourcesBuildPhase section */

/* Begin PBXSourcesBuildPhase section */
		59337AE92689907C0015B316 /* Sources */ = {
			isa = PBXSourcesBuildPhase;
			buildActionMask = 2147483647;
			files = (
				59198A51268AB335007C7D04 /* CategoryRow.swift in Sources */,
				59337AF32689907D0015B316 /* ContentView.swift in Sources */,
				59198A4F268AB1A9007C7D04 /* CategoryHome.swift in Sources */,
				593B25B8268AA8DC00D9B482 /* HikeGraph.swift in Sources */,
				593B25AC268AA2B900D9B482 /* Badge.swift in Sources */,
				59337B02268993DF0015B316 /* MapView.swift in Sources */,
				593B25B7268AA8DC00D9B482 /* GraphCapsule.swift in Sources */,
				59337AF12689907D0015B316 /* LandmarksApp.swift in Sources */,
				593B25A0268A408F00D9B482 /* FavoriteButton.swift in Sources */,
				59198A53268AB575007C7D04 /* CategoryItem.swift in Sources */,
				593B25B9268AA8DC00D9B482 /* HikeDetail.swift in Sources */,
				593B25A4268A43DE00D9B482 /* HexagonParameters.swift in Sources */,
				593B25B1268AA7ED00D9B482 /* Hike.swift in Sources */,
				593B25AA268AA27600D9B482 /* RotatedBadgeSymbol.swift in Sources */,
				593B25A8268A9EE000D9B482 /* BadgeSymbol.swift in Sources */,
				59337B1126899B2A0015B316 /* LandmarkList.swift in Sources */,
				593B25BA268AA8DC00D9B482 /* HikeView.swift in Sources */,
				59337B1326899BF50015B316 /* LandmarkDetail.swift in Sources */,
				593B25A6268A447F00D9B482 /* BadgeBackground.swift in Sources */,
				59337B00268993620015B316 /* CircleImage.swift in Sources */,
				59337B08268997460015B316 /* Landmark.swift in Sources */,
				59337B0F26899A2F0015B316 /* LandmarkRow.swift in Sources */,
				59337B0A2689982F0015B316 /* ModelData.swift in Sources */,
			);
			runOnlyForDeploymentPostprocessing = 0;
		};
/* End PBXSourcesBuildPhase section */

/* Begin XCBuildConfiguration section */
		59337AFA2689907D0015B316 /* Debug */ = {
			isa = XCBuildConfiguration;
			buildSettings = {
				ALWAYS_SEARCH_USER_PATHS = NO;
				CLANG_ANALYZER_NONNULL = YES;
				CLANG_ANALYZER_NUMBER_OBJECT_CONVERSION = YES_AGGRESSIVE;
				CLANG_CXX_LANGUAGE_STANDARD = "gnu++14";
				CLANG_CXX_LIBRARY = "libc++";
				CLANG_ENABLE_MODULES = YES;
				CLANG_ENABLE_OBJC_ARC = YES;
				CLANG_ENABLE_OBJC_WEAK = YES;
				CLANG_WARN_BLOCK_CAPTURE_AUTORELEASING = YES;
				CLANG_WARN_BOOL_CONVERSION = YES;
				CLANG_WARN_COMMA = YES;
				CLANG_WARN_CONSTANT_CONVERSION = YES;
				CLANG_WARN_DEPRECATED_OBJC_IMPLEMENTATIONS = YES;
				CLANG_WARN_DIRECT_OBJC_ISA_USAGE = YES_ERROR;
				CLANG_WARN_DOCUMENTATION_COMMENTS = YES;
				CLANG_WARN_EMPTY_BODY = YES;
				CLANG_WARN_ENUM_CONVERSION = YES;
				CLANG_WARN_INFINITE_RECURSION = YES;
				CLANG_WARN_INT_CONVERSION = YES;
				CLANG_WARN_NON_LITERAL_NULL_CONVERSION = YES;
				CLANG_WARN_OBJC_IMPLICIT_RETAIN_SELF = YES;
				CLANG_WARN_OBJC_LITERAL_CONVERSION = YES;
				CLANG_WARN_OBJC_ROOT_CLASS = YES_ERROR;
				CLANG_WARN_QUOTED_INCLUDE_IN_FRAMEWORK_HEADER = YES;
				CLANG_WARN_RANGE_LOOP_ANALYSIS = YES;
				CLANG_WARN_STRICT_PROTOTYPES = YES;
				CLANG_WARN_SUSPICIOUS_MOVE = YES;
				CLANG_WARN_UNGUARDED_AVAILABILITY = YES_AGGRESSIVE;
				CLANG_WARN_UNREACHABLE_CODE = YES;
				CLANG_WARN__DUPLICATE_METHOD_MATCH = YES;
				COPY_PHASE_STRIP = NO;
				DEBUG_INFORMATION_FORMAT = dwarf;
				ENABLE_STRICT_OBJC_MSGSEND = YES;
				ENABLE_TESTABILITY = YES;
				GCC_C_LANGUAGE_STANDARD = gnu11;
				GCC_DYNAMIC_NO_PIC = NO;
				GCC_NO_COMMON_BLOCKS = YES;
				GCC_OPTIMIZATION_LEVEL = 0;
				GCC_PREPROCESSOR_DEFINITIONS = (
					"DEBUG=1",
					"$(inherited)",
				);
				GCC_WARN_64_TO_32_BIT_CONVERSION = YES;
				GCC_WARN_ABOUT_RETURN_TYPE = YES_ERROR;
				GCC_WARN_UNDECLARED_SELECTOR = YES;
				GCC_WARN_UNINITIALIZED_AUTOS = YES_AGGRESSIVE;
				GCC_WARN_UNUSED_FUNCTION = YES;
				GCC_WARN_UNUSED_VARIABLE = YES;
				IPHONEOS_DEPLOYMENT_TARGET = 14.5;
				MTL_ENABLE_DEBUG_INFO = INCLUDE_SOURCE;
				MTL_FAST_MATH = YES;
				ONLY_ACTIVE_ARCH = YES;
				SDKROOT = iphoneos;
				SWIFT_ACTIVE_COMPILATION_CONDITIONS = DEBUG;
				SWIFT_OPTIMIZATION_LEVEL = "-Onone";
			};
			name = Debug;
		};
		59337AFB2689907D0015B316 /* Release */ = {
			isa = XCBuildConfiguration;
			buildSettings = {
				ALWAYS_SEARCH_USER_PATHS = NO;
				CLANG_ANALYZER_NONNULL = YES;
				CLANG_ANALYZER_NUMBER_OBJECT_CONVERSION = YES_AGGRESSIVE;
				CLANG_CXX_LANGUAGE_STANDARD = "gnu++14";
				CLANG_CXX_LIBRARY = "libc++";
				CLANG_ENABLE_MODULES = YES;
				CLANG_ENABLE_OBJC_ARC = YES;
				CLANG_ENABLE_OBJC_WEAK = YES;
				CLANG_WARN_BLOCK_CAPTURE_AUTORELEASING = YES;
				CLANG_WARN_BOOL_CONVERSION = YES;
				CLANG_WARN_COMMA = YES;
				CLANG_WARN_CONSTANT_CONVERSION = YES;
				CLANG_WARN_DEPRECATED_OBJC_IMPLEMENTATIONS = YES;
				CLANG_WARN_DIRECT_OBJC_ISA_USAGE = YES_ERROR;
				CLANG_WARN_DOCUMENTATION_COMMENTS = YES;
				CLANG_WARN_EMPTY_BODY = YES;
				CLANG_WARN_ENUM_CONVERSION = YES;
				CLANG_WARN_INFINITE_RECURSION = YES;
				CLANG_WARN_INT_CONVERSION = YES;
				CLANG_WARN_NON_LITERAL_NULL_CONVERSION = YES;
				CLANG_WARN_OBJC_IMPLICIT_RETAIN_SELF = YES;
				CLANG_WARN_OBJC_LITERAL_CONVERSION = YES;
				CLANG_WARN_OBJC_ROOT_CLASS = YES_ERROR;
				CLANG_WARN_QUOTED_INCLUDE_IN_FRAMEWORK_HEADER = YES;
				CLANG_WARN_RANGE_LOOP_ANALYSIS = YES;
				CLANG_WARN_STRICT_PROTOTYPES = YES;
				CLANG_WARN_SUSPICIOUS_MOVE = YES;
				CLANG_WARN_UNGUARDED_AVAILABILITY = YES_AGGRESSIVE;
				CLANG_WARN_UNREACHABLE_CODE = YES;
				CLANG_WARN__DUPLICATE_METHOD_MATCH = YES;
				COPY_PHASE_STRIP = NO;
				DEBUG_INFORMATION_FORMAT = "dwarf-with-dsym";
				ENABLE_NS_ASSERTIONS = NO;
				ENABLE_STRICT_OBJC_MSGSEND = YES;
				GCC_C_LANGUAGE_STANDARD = gnu11;
				GCC_NO_COMMON_BLOCKS = YES;
				GCC_WARN_64_TO_32_BIT_CONVERSION = YES;
				GCC_WARN_ABOUT_RETURN_TYPE = YES_ERROR;
				GCC_WARN_UNDECLARED_SELECTOR = YES;
				GCC_WARN_UNINITIALIZED_AUTOS = YES_AGGRESSIVE;
				GCC_WARN_UNUSED_FUNCTION = YES;
				GCC_WARN_UNUSED_VARIABLE = YES;
				IPHONEOS_DEPLOYMENT_TARGET = 14.5;
				MTL_ENABLE_DEBUG_INFO = NO;
				MTL_FAST_MATH = YES;
				SDKROOT = iphoneos;
				SWIFT_COMPILATION_MODE = wholemodule;
				SWIFT_OPTIMIZATION_LEVEL = "-O";
				VALIDATE_PRODUCT = YES;
			};
			name = Release;
		};
		59337AFD2689907D0015B316 /* Debug */ = {
			isa = XCBuildConfiguration;
			buildSettings = {
				ASSETCATALOG_COMPILER_APPICON_NAME = AppIcon;
				ASSETCATALOG_COMPILER_GLOBAL_ACCENT_COLOR_NAME = AccentColor;
				CODE_SIGN_STYLE = Automatic;
				DEVELOPMENT_ASSET_PATHS = "\"Landmarks/Preview Content\"";
				ENABLE_PREVIEWS = YES;
				INFOPLIST_FILE = Landmarks/Info.plist;
				IPHONEOS_DEPLOYMENT_TARGET = 14.0;
				LD_RUNPATH_SEARCH_PATHS = (
					"$(inherited)",
					"@executable_path/Frameworks",
				);
				PRODUCT_BUNDLE_IDENTIFIER = dev.tugan.tutorials.Landmarks;
				PRODUCT_NAME = "$(TARGET_NAME)";
				SWIFT_VERSION = 5.0;
				TARGETED_DEVICE_FAMILY = "1,2";
			};
			name = Debug;
		};
		59337AFE2689907D0015B316 /* Release */ = {
			isa = XCBuildConfiguration;
			buildSettings = {
				ASSETCATALOG_COMPILER_APPICON_NAME = AppIcon;
				ASSETCATALOG_COMPILER_GLOBAL_ACCENT_COLOR_NAME = AccentColor;
				CODE_SIGN_STYLE = Automatic;
				DEVELOPMENT_ASSET_PATHS = "\"Landmarks/Preview Content\"";
				ENABLE_PREVIEWS = YES;
				INFOPLIST_FILE = Landmarks/Info.plist;
				IPHONEOS_DEPLOYMENT_TARGET = 14.0;
				LD_RUNPATH_SEARCH_PATHS = (
					"$(inherited)",
					"@executable_path/Frameworks",
				);
				PRODUCT_BUNDLE_IDENTIFIER = dev.tugan.tutorials.Landmarks;
				PRODUCT_NAME = "$(TARGET_NAME)";
				SWIFT_VERSION = 5.0;
				TARGETED_DEVICE_FAMILY = "1,2";
			};
			name = Release;
		};
/* End XCBuildConfiguration section */

/* Begin XCConfigurationList section */
		59337AE82689907C0015B316 /* Build configuration list for PBXProject "Landmarks" */ = {
			isa = XCConfigurationList;
			buildConfigurations = (
				59337AFA2689907D0015B316 /* Debug */,
				59337AFB2689907D0015B316 /* Release */,
			);
			defaultConfigurationIsVisible = 0;
			defaultConfigurationName = Release;
		};
		59337AFC2689907D0015B316 /* Build configuration list for PBXNativeTarget "Landmarks" */ = {
			isa = XCConfigurationList;
			buildConfigurations = (
				59337AFD2689907D0015B316 /* Debug */,
				59337AFE2689907D0015B316 /* Release */,
			);
			defaultConfigurationIsVisible = 0;
			defaultConfigurationName = Release;
		};
/* End XCConfigurationList section */
	};
	rootObject = 59337AE52689907C0015B316 /* Project object */;
}
